
Microsoft Visual Studio Solution File, Format Version 12.00
# Visual Studio Version 17
VisualStudioVersion = 17.10.35122.118
MinimumVisualStudioVersion = 10.0.40219.1
Project("{9A19103F-16F7-4668-BE54-9A1E7A4F7556}") = "project_one", "project_one\project_one.csproj", "{7474C6FE-425E-42B8-874E-78EDE47DAEDF}"
EndProject
Project("{2150E333-8FDC-42A3-9474-1A3956D46DE8}") = "Solution Items", "Solution Items", "{73864041-D712-47C8-A4FE-4A30840B75C9}"
	ProjectSection(SolutionItems) = preProject
		.editorconfig = .editorconfig
	EndProjectSection
EndProject
Global
	GlobalSection(SolutionConfigurationPlatforms) = preSolution
		Debug|Any CPU = Debug|Any CPU
		Release|Any CPU = Release|Any CPU
	EndGlobalSection
	GlobalSection(ProjectConfigurationPlatforms) = postSolution
		{7474C6FE-425E-42B8-874E-78EDE47DAEDF}.Debug|Any CPU.ActiveCfg = Debug|Any CPU
		{7474C6FE-425E-42B8-874E-78EDE47DAEDF}.Debug|Any CPU.Build.0 = Debug|Any CPU
		{7474C6FE-425E-42B8-874E-78EDE47DAEDF}.Release|Any CPU.ActiveCfg = Release|Any CPU
		{7474C6FE-425E-42B8-874E-78EDE47DAEDF}.Release|Any CPU.Build.0 = Release|Any CPU
	EndGlobalSection
	GlobalSection(SolutionProperties) = preSolution
		HideSolutionNode = FALSE
	EndGlobalSection
	GlobalSection(ExtensibilityGlobals) = postSolution
		SolutionGuid = {BBA99FAE-BA62-4322-9E42-A4361B40C3F2}
	EndGlobalSection
EndGlobal
